
Microsoft Visual Studio Solution File, Format Version 12.00
# Visual Studio Version 16
VisualStudioVersion = 16.0.29613.14
MinimumVisualStudioVersion = 10.0.40219.1
Project("{9A19103F-16F7-4668-BE54-9A1E7A4F7556}") = "QuantumITApp.API", "QuantumITApp.API.csproj", "{13946D5B-DBB7-4A6A-B154-A1D010D7DD4D}"
EndProject
Project("{9A19103F-16F7-4668-BE54-9A1E7A4F7556}") = "QuantumITApp.Core", "..\QuantumITApp.Core\QuantumITApp.Core.csproj", "{A2137125-5E7E-439F-BA6E-3BA774C2162B}"
EndProject
Project("{9A19103F-16F7-4668-BE54-9A1E7A4F7556}") = "QuantumITApp.Infrastructure", "..\QuantumITApp.Infrastructure\QuantumITApp.Infrastructure.csproj", "{18B1150D-B959-4914-B4E0-EB8AB2A228F4}"
EndProject
Project("{9A19103F-16F7-4668-BE54-9A1E7A4F7556}") = "QuantumITApp.Services.Test", "..\QuantumITApp.Services.Test\QuantumITApp.Services.Test.csproj", "{A9BB9F13-945E-4580-81E6-515D8B40AC56}"
EndProject
Project("{9A19103F-16F7-4668-BE54-9A1E7A4F7556}") = "QuantumITApp.API.Test", "..\QuantumITApp.API.Test\QuantumITApp.API.Test.csproj", "{3A9F88BB-DA92-46FA-BF69-A038BFDF99BB}"
EndProject
Global
	GlobalSection(SolutionConfigurationPlatforms) = preSolution
		Debug|Any CPU = Debug|Any CPU
		Release|Any CPU = Release|Any CPU
	EndGlobalSection
	GlobalSection(ProjectConfigurationPlatforms) = postSolution
		{13946D5B-DBB7-4A6A-B154-A1D010D7DD4D}.Debug|Any CPU.ActiveCfg = Debug|Any CPU
		{13946D5B-DBB7-4A6A-B154-A1D010D7DD4D}.Debug|Any CPU.Build.0 = Debug|Any CPU
		{13946D5B-DBB7-4A6A-B154-A1D010D7DD4D}.Release|Any CPU.ActiveCfg = Release|Any CPU
		{13946D5B-DBB7-4A6A-B154-A1D010D7DD4D}.Release|Any CPU.Build.0 = Release|Any CPU
		{A2137125-5E7E-439F-BA6E-3BA774C2162B}.Debug|Any CPU.ActiveCfg = Debug|Any CPU
		{A2137125-5E7E-439F-BA6E-3BA774C2162B}.Debug|Any CPU.Build.0 = Debug|Any CPU
		{A2137125-5E7E-439F-BA6E-3BA774C2162B}.Release|Any CPU.ActiveCfg = Release|Any CPU
		{A2137125-5E7E-439F-BA6E-3BA774C2162B}.Release|Any CPU.Build.0 = Release|Any CPU
		{18B1150D-B959-4914-B4E0-EB8AB2A228F4}.Debug|Any CPU.ActiveCfg = Debug|Any CPU
		{18B1150D-B959-4914-B4E0-EB8AB2A228F4}.Debug|Any CPU.Build.0 = Debug|Any CPU
		{18B1150D-B959-4914-B4E0-EB8AB2A228F4}.Release|Any CPU.ActiveCfg = Release|Any CPU
		{18B1150D-B959-4914-B4E0-EB8AB2A228F4}.Release|Any CPU.Build.0 = Release|Any CPU
		{A9BB9F13-945E-4580-81E6-515D8B40AC56}.Debug|Any CPU.ActiveCfg = Debug|Any CPU
		{A9BB9F13-945E-4580-81E6-515D8B40AC56}.Debug|Any CPU.Build.0 = Debug|Any CPU
		{A9BB9F13-945E-4580-81E6-515D8B40AC56}.Release|Any CPU.ActiveCfg = Release|Any CPU
		{A9BB9F13-945E-4580-81E6-515D8B40AC56}.Release|Any CPU.Build.0 = Release|Any CPU
		{3A9F88BB-DA92-46FA-BF69-A038BFDF99BB}.Debug|Any CPU.ActiveCfg = Debug|Any CPU
		{3A9F88BB-DA92-46FA-BF69-A038BFDF99BB}.Debug|Any CPU.Build.0 = Debug|Any CPU
		{3A9F88BB-DA92-46FA-BF69-A038BFDF99BB}.Release|Any CPU.ActiveCfg = Release|Any CPU
		{3A9F88BB-DA92-46FA-BF69-A038BFDF99BB}.Release|Any CPU.Build.0 = Release|Any CPU
	EndGlobalSection
	GlobalSection(SolutionProperties) = preSolution
		HideSolutionNode = FALSE
	EndGlobalSection
	GlobalSection(ExtensibilityGlobals) = postSolution
		SolutionGuid = {90D6D9AC-A16F-46DA-8067-CE1E86A2E4DD}
	EndGlobalSection
EndGlobal
